
Microsoft Visual Studio Solution File, Format Version 12.00
# Visual Studio Version 16
VisualStudioVersion = 16.0.30907.101
MinimumVisualStudioVersion = 10.0.40219.1
Project("{8BC9CEB8-8B4A-11D0-8D11-00A0C91BC942}") = "KrkrCrackLauncher", "KrkrCrackLauncher.vcxproj", "{FFC972A6-42C6-49AD-B817-2E104F6BF0B6}"
EndProject
Project("{8BC9CEB8-8B4A-11D0-8D11-00A0C91BC942}") = "KrkrCrack", "KrkrCrack\KrkrCrack.vcxproj", "{287D5E13-B6EE-4708-A280-EA1E34A4101C}"
EndProject
Global
	GlobalSection(SolutionConfigurationPlatforms) = preSolution
		Debug|x64 = Debug|x64
		Debug|x86 = Debug|x86
		Release|x64 = Release|x64
		Release|x86 = Release|x86
	EndGlobalSection
	GlobalSection(ProjectConfigurationPlatforms) = postSolution
		{FFC972A6-42C6-49AD-B817-2E104F6BF0B6}.Debug|x64.ActiveCfg = Debug|x64
		{FFC972A6-42C6-49AD-B817-2E104F6BF0B6}.Debug|x64.Build.0 = Debug|x64
		{FFC972A6-42C6-49AD-B817-2E104F6BF0B6}.Debug|x86.ActiveCfg = Debug|Win32
		{FFC972A6-42C6-49AD-B817-2E104F6BF0B6}.Debug|x86.Build.0 = Debug|Win32
		{FFC972A6-42C6-49AD-B817-2E104F6BF0B6}.Release|x64.ActiveCfg = Release|x64
		{FFC972A6-42C6-49AD-B817-2E104F6BF0B6}.Release|x64.Build.0 = Release|x64
		{FFC972A6-42C6-49AD-B817-2E104F6BF0B6}.Release|x86.ActiveCfg = Release|Win32
		{FFC972A6-42C6-49AD-B817-2E104F6BF0B6}.Release|x86.Build.0 = Release|Win32
		{287D5E13-B6EE-4708-A280-EA1E34A4101C}.Debug|x64.ActiveCfg = Debug|x64
		{287D5E13-B6EE-4708-A280-EA1E34A4101C}.Debug|x64.Build.0 = Debug|x64
		{287D5E13-B6EE-4708-A280-EA1E34A4101C}.Debug|x86.ActiveCfg = Debug|Win32
		{287D5E13-B6EE-4708-A280-EA1E34A4101C}.Debug|x86.Build.0 = Debug|Win32
		{287D5E13-B6EE-4708-A280-EA1E34A4101C}.Release|x64.ActiveCfg = Release|x64
		{287D5E13-B6EE-4708-A280-EA1E34A4101C}.Release|x64.Build.0 = Release|x64
		{287D5E13-B6EE-4708-A280-EA1E34A4101C}.Release|x86.ActiveCfg = Release|Win32
		{287D5E13-B6EE-4708-A280-EA1E34A4101C}.Release|x86.Build.0 = Release|Win32
	EndGlobalSection
	GlobalSection(SolutionProperties) = preSolution
		HideSolutionNode = FALSE
	EndGlobalSection
	GlobalSection(ExtensibilityGlobals) = postSolution
		SolutionGuid = {682DFF93-157F-4533-8E7A-0181E736E0C6}
	EndGlobalSection
EndGlobal
